// !$*UTF8*$!
{
	archiveVersion = 1;
	classes = {
	};
	objectVersion = 56;
	objects = {

/* Begin PBXBuildFile section */
		CE8225BE28E9ADC90082D7D8 /* HockeyStats2App.swift in Sources */ = {isa = PBXBuildFile; fileRef = CE8225BD28E9ADC90082D7D8 /* HockeyStats2App.swift */; };
		CE8225C028E9ADC90082D7D8 /* ContentView.swift in Sources */ = {isa = PBXBuildFile; fileRef = CE8225BF28E9ADC90082D7D8 /* ContentView.swift */; };
		CE8225C228E9ADCB0082D7D8 /* Assets.xcassets in Resources */ = {isa = PBXBuildFile; fileRef = CE8225C128E9ADCB0082D7D8 /* Assets.xcassets */; };
		CE8225C528E9ADCB0082D7D8 /* Preview Assets.xcassets in Resources */ = {isa = PBXBuildFile; fileRef = CE8225C428E9ADCB0082D7D8 /* Preview Assets.xcassets */; };
		CE8225CC28E9B2E60082D7D8 /* CanvasView.swift in Sources */ = {isa = PBXBuildFile; fileRef = CE8225CB28E9B2E60082D7D8 /* CanvasView.swift */; };
		CE8225CE28E9B3670082D7D8 /* CanvasViewModel.swift in Sources */ = {isa = PBXBuildFile; fileRef = CE8225CD28E9B3670082D7D8 /* CanvasViewModel.swift */; };
		CE8225D028EB01EE0082D7D8 /* ShotView.swift in Sources */ = {isa = PBXBuildFile; fileRef = CE8225CF28EB01EE0082D7D8 /* ShotView.swift */; };
		CEFA2BB428EB0C81004BEAB5 /* OnIceView.swift in Sources */ = {isa = PBXBuildFile; fileRef = CEFA2BB328EB0C81004BEAB5 /* OnIceView.swift */; };
		CEFA2BB628EB0CE1004BEAB5 /* Team.swift in Sources */ = {isa = PBXBuildFile; fileRef = CEFA2BB528EB0CE1004BEAB5 /* Team.swift */; };
		CEFA2BB828EB1CA0004BEAB5 /* Player.swift in Sources */ = {isa = PBXBuildFile; fileRef = CEFA2BB728EB1CA0004BEAB5 /* Player.swift */; };
		CEFA2BBA28EB1E06004BEAB5 /* PlayerView.swift in Sources */ = {isa = PBXBuildFile; fileRef = CEFA2BB928EB1E06004BEAB5 /* PlayerView.swift */; };
		CEFA2BBC28EB5A6C004BEAB5 /* GoalView.swift in Sources */ = {isa = PBXBuildFile; fileRef = CEFA2BBB28EB5A6C004BEAB5 /* GoalView.swift */; };
		CEFA2BC228EB618C004BEAB5 /* BlackOpsOne-Regular.ttf in Resources */ = {isa = PBXBuildFile; fileRef = CEFA2BC128EB618C004BEAB5 /* BlackOpsOne-Regular.ttf */; };
		CEFA2BC428EB631F004BEAB5 /* BenchView.swift in Sources */ = {isa = PBXBuildFile; fileRef = CEFA2BC328EB631F004BEAB5 /* BenchView.swift */; };
		CEFA2BC928EC5048004BEAB5 /* PlayerListView.swift in Sources */ = {isa = PBXBuildFile; fileRef = CEFA2BC828EC5048004BEAB5 /* PlayerListView.swift */; };
		CEFA2BCB28EC509F004BEAB5 /* RowView.swift in Sources */ = {isa = PBXBuildFile; fileRef = CEFA2BCA28EC509F004BEAB5 /* RowView.swift */; };
/* End PBXBuildFile section */

/* Begin PBXFileReference section */
		CE8225BA28E9ADC90082D7D8 /* HockeyStats2.app */ = {isa = PBXFileReference; explicitFileType = wrapper.application; includeInIndex = 0; path = HockeyStats2.app; sourceTree = BUILT_PRODUCTS_DIR; };
		CE8225BD28E9ADC90082D7D8 /* HockeyStats2App.swift */ = {isa = PBXFileReference; lastKnownFileType = sourcecode.swift; path = HockeyStats2App.swift; sourceTree = "<group>"; };
		CE8225BF28E9ADC90082D7D8 /* ContentView.swift */ = {isa = PBXFileReference; lastKnownFileType = sourcecode.swift; path = ContentView.swift; sourceTree = "<group>"; };
		CE8225C128E9ADCB0082D7D8 /* Assets.xcassets */ = {isa = PBXFileReference; lastKnownFileType = folder.assetcatalog; path = Assets.xcassets; sourceTree = "<group>"; };
		CE8225C428E9ADCB0082D7D8 /* Preview Assets.xcassets */ = {isa = PBXFileReference; lastKnownFileType = folder.assetcatalog; path = "Preview Assets.xcassets"; sourceTree = "<group>"; };
		CE8225CB28E9B2E60082D7D8 /* CanvasView.swift */ = {isa = PBXFileReference; lastKnownFileType = sourcecode.swift; path = CanvasView.swift; sourceTree = "<group>"; };
		CE8225CD28E9B3670082D7D8 /* CanvasViewModel.swift */ = {isa = PBXFileReference; lastKnownFileType = sourcecode.swift; path = CanvasViewModel.swift; sourceTree = "<group>"; };
		CE8225CF28EB01EE0082D7D8 /* ShotView.swift */ = {isa = PBXFileReference; lastKnownFileType = sourcecode.swift; path = ShotView.swift; sourceTree = "<group>"; };
		CEFA2BB328EB0C81004BEAB5 /* OnIceView.swift */ = {isa = PBXFileReference; lastKnownFileType = sourcecode.swift; path = OnIceView.swift; sourceTree = "<group>"; };
		CEFA2BB528EB0CE1004BEAB5 /* Team.swift */ = {isa = PBXFileReference; lastKnownFileType = sourcecode.swift; path = Team.swift; sourceTree = "<group>"; };
		CEFA2BB728EB1CA0004BEAB5 /* Player.swift */ = {isa = PBXFileReference; lastKnownFileType = sourcecode.swift; path = Player.swift; sourceTree = "<group>"; };
		CEFA2BB928EB1E06004BEAB5 /* PlayerView.swift */ = {isa = PBXFileReference; lastKnownFileType = sourcecode.swift; path = PlayerView.swift; sourceTree = "<group>"; };
		CEFA2BBB28EB5A6C004BEAB5 /* GoalView.swift */ = {isa = PBXFileReference; lastKnownFileType = sourcecode.swift; path = GoalView.swift; sourceTree = "<group>"; };
		CEFA2BC028EB5ED6004BEAB5 /* Info.plist */ = {isa = PBXFileReference; lastKnownFileType = text.plist; path = Info.plist; sourceTree = "<group>"; };
		CEFA2BC128EB618C004BEAB5 /* BlackOpsOne-Regular.ttf */ = {isa = PBXFileReference; lastKnownFileType = file; path = "BlackOpsOne-Regular.ttf"; sourceTree = "<group>"; };
		CEFA2BC328EB631F004BEAB5 /* BenchView.swift */ = {isa = PBXFileReference; lastKnownFileType = sourcecode.swift; path = BenchView.swift; sourceTree = "<group>"; };
		CEFA2BC828EC5048004BEAB5 /* PlayerListView.swift */ = {isa = PBXFileReference; lastKnownFileType = sourcecode.swift; path = PlayerListView.swift; sourceTree = "<group>"; };
		CEFA2BCA28EC509F004BEAB5 /* RowView.swift */ = {isa = PBXFileReference; lastKnownFileType = sourcecode.swift; path = RowView.swift; sourceTree = "<group>"; };
/* End PBXFileReference section */

/* Begin PBXFrameworksBuildPhase section */
		CE8225B728E9ADC90082D7D8 /* Frameworks */ = {
			isa = PBXFrameworksBuildPhase;
			buildActionMask = 2147483647;
			files = (
			);
			runOnlyForDeploymentPostprocessing = 0;
		};
/* End PBXFrameworksBuildPhase section */

/* Begin PBXGroup section */
		CE8225B128E9ADC80082D7D8 = {
			isa = PBXGroup;
			children = (
				CE8225BC28E9ADC90082D7D8 /* HockeyStats2 */,
				CE8225BB28E9ADC90082D7D8 /* Products */,
			);
			sourceTree = "<group>";
		};
		CE8225BB28E9ADC90082D7D8 /* Products */ = {
			isa = PBXGroup;
			children = (
				CE8225BA28E9ADC90082D7D8 /* HockeyStats2.app */,
			);
			name = Products;
			sourceTree = "<group>";
		};
		CE8225BC28E9ADC90082D7D8 /* HockeyStats2 */ = {
			isa = PBXGroup;
			children = (
				CEFA2BC028EB5ED6004BEAB5 /* Info.plist */,
				CEFA2BBD28EB5E06004BEAB5 /* fonts */,
				CE8225BD28E9ADC90082D7D8 /* HockeyStats2App.swift */,
				CEFA2BC728EC501E004BEAB5 /* ViewModels */,
				CEFA2BC628EC5011004BEAB5 /* Models */,
				CEFA2BC528EC5001004BEAB5 /* Views */,
				CE8225C128E9ADCB0082D7D8 /* Assets.xcassets */,
				CE8225C328E9ADCB0082D7D8 /* Preview Content */,
			);
			path = HockeyStats2;
			sourceTree = "<group>";
		};
		CE8225C328E9ADCB0082D7D8 /* Preview Content */ = {
			isa = PBXGroup;
			children = (
				CE8225C428E9ADCB0082D7D8 /* Preview Assets.xcassets */,
			);
			path = "Preview Content";
			sourceTree = "<group>";
		};
		CEFA2BBD28EB5E06004BEAB5 /* fonts */ = {
			isa = PBXGroup;
			children = (
				CEFA2BC128EB618C004BEAB5 /* BlackOpsOne-Regular.ttf */,
			);
			path = fonts;
			sourceTree = "<group>";
		};
		CEFA2BC528EC5001004BEAB5 /* Views */ = {
			isa = PBXGroup;
			children = (
				CE8225BF28E9ADC90082D7D8 /* ContentView.swift */,
				CE8225CB28E9B2E60082D7D8 /* CanvasView.swift */,
				CE8225CF28EB01EE0082D7D8 /* ShotView.swift */,
				CEFA2BBB28EB5A6C004BEAB5 /* GoalView.swift */,
				CEFA2BB928EB1E06004BEAB5 /* PlayerView.swift */,
				CEFA2BB328EB0C81004BEAB5 /* OnIceView.swift */,
				CEFA2BC328EB631F004BEAB5 /* BenchView.swift */,
				CEFA2BC828EC5048004BEAB5 /* PlayerListView.swift */,
				CEFA2BCA28EC509F004BEAB5 /* RowView.swift */,
			);
			path = Views;
			sourceTree = "<group>";
		};
		CEFA2BC628EC5011004BEAB5 /* Models */ = {
			isa = PBXGroup;
			children = (
				CEFA2BB528EB0CE1004BEAB5 /* Team.swift */,
				CEFA2BB728EB1CA0004BEAB5 /* Player.swift */,
			);
			path = Models;
			sourceTree = "<group>";
		};
		CEFA2BC728EC501E004BEAB5 /* ViewModels */ = {
			isa = PBXGroup;
			children = (
				CE8225CD28E9B3670082D7D8 /* CanvasViewModel.swift */,
			);
			path = ViewModels;
			sourceTree = "<group>";
		};
/* End PBXGroup section */

/* Begin PBXNativeTarget section */
		CE8225B928E9ADC90082D7D8 /* HockeyStats2 */ = {
			isa = PBXNativeTarget;
			buildConfigurationList = CE8225C828E9ADCB0082D7D8 /* Build configuration list for PBXNativeTarget "HockeyStats2" */;
			buildPhases = (
				CE8225B628E9ADC90082D7D8 /* Sources */,
				CE8225B728E9ADC90082D7D8 /* Frameworks */,
				CE8225B828E9ADC90082D7D8 /* Resources */,
			);
			buildRules = (
			);
			dependencies = (
			);
			name = HockeyStats2;
			productName = HockeyStats2;
			productReference = CE8225BA28E9ADC90082D7D8 /* HockeyStats2.app */;
			productType = "com.apple.product-type.application";
		};
/* End PBXNativeTarget section */

/* Begin PBXProject section */
		CE8225B228E9ADC80082D7D8 /* Project object */ = {
			isa = PBXProject;
			attributes = {
				BuildIndependentTargetsInParallel = 1;
				LastSwiftUpdateCheck = 1400;
				LastUpgradeCheck = 1400;
				TargetAttributes = {
					CE8225B928E9ADC90082D7D8 = {
						CreatedOnToolsVersion = 14.0.1;
					};
				};
			};
			buildConfigurationList = CE8225B528E9ADC80082D7D8 /* Build configuration list for PBXProject "HockeyStats2" */;
			compatibilityVersion = "Xcode 14.0";
			developmentRegion = en;
			hasScannedForEncodings = 0;
			knownRegions = (
				en,
				Base,
			);
			mainGroup = CE8225B128E9ADC80082D7D8;
			productRefGroup = CE8225BB28E9ADC90082D7D8 /* Products */;
			projectDirPath = "";
			projectRoot = "";
			targets = (
				CE8225B928E9ADC90082D7D8 /* HockeyStats2 */,
			);
		};
/* End PBXProject section */

/* Begin PBXResourcesBuildPhase section */
		CE8225B828E9ADC90082D7D8 /* Resources */ = {
			isa = PBXResourcesBuildPhase;
			buildActionMask = 2147483647;
			files = (
				CEFA2BC228EB618C004BEAB5 /* BlackOpsOne-Regular.ttf in Resources */,
				CE8225C528E9ADCB0082D7D8 /* Preview Assets.xcassets in Resources */,
				CE8225C228E9ADCB0082D7D8 /* Assets.xcassets in Resources */,
			);
			runOnlyForDeploymentPostprocessing = 0;
		};
/* End PBXResourcesBuildPhase section */

/* Begin PBXSourcesBuildPhase section */
		CE8225B628E9ADC90082D7D8 /* Sources */ = {
			isa = PBXSourcesBuildPhase;
			buildActionMask = 2147483647;
			files = (
				CEFA2BC428EB631F004BEAB5 /* BenchView.swift in Sources */,
				CEFA2BCB28EC509F004BEAB5 /* RowView.swift in Sources */,
				CEFA2BBA28EB1E06004BEAB5 /* PlayerView.swift in Sources */,
				CE8225CE28E9B3670082D7D8 /* CanvasViewModel.swift in Sources */,
				CE8225C028E9ADC90082D7D8 /* ContentView.swift in Sources */,
				CEFA2BB628EB0CE1004BEAB5 /* Team.swift in Sources */,
				CE8225BE28E9ADC90082D7D8 /* HockeyStats2App.swift in Sources */,
				CEFA2BB828EB1CA0004BEAB5 /* Player.swift in Sources */,
				CEFA2BC928EC5048004BEAB5 /* PlayerListView.swift in Sources */,
				CEFA2BB428EB0C81004BEAB5 /* OnIceView.swift in Sources */,
				CEFA2BBC28EB5A6C004BEAB5 /* GoalView.swift in Sources */,
				CE8225D028EB01EE0082D7D8 /* ShotView.swift in Sources */,
				CE8225CC28E9B2E60082D7D8 /* CanvasView.swift in Sources */,
			);
			runOnlyForDeploymentPostprocessing = 0;
		};
/* End PBXSourcesBuildPhase section */

/* Begin XCBuildConfiguration section */
		CE8225C628E9ADCB0082D7D8 /* Debug */ = {
			isa = XCBuildConfiguration;
			buildSettings = {
				ALWAYS_SEARCH_USER_PATHS = NO;
				CLANG_ANALYZER_NONNULL = YES;
				CLANG_ANALYZER_NUMBER_OBJECT_CONVERSION = YES_AGGRESSIVE;
				CLANG_CXX_LANGUAGE_STANDARD = "gnu++20";
				CLANG_ENABLE_MODULES = YES;
				CLANG_ENABLE_OBJC_ARC = YES;
				CLANG_ENABLE_OBJC_WEAK = YES;
				CLANG_WARN_BLOCK_CAPTURE_AUTORELEASING = YES;
				CLANG_WARN_BOOL_CONVERSION = YES;
				CLANG_WARN_COMMA = YES;
				CLANG_WARN_CONSTANT_CONVERSION = YES;
				CLANG_WARN_DEPRECATED_OBJC_IMPLEMENTATIONS = YES;
				CLANG_WARN_DIRECT_OBJC_ISA_USAGE = YES_ERROR;
				CLANG_WARN_DOCUMENTATION_COMMENTS = YES;
				CLANG_WARN_EMPTY_BODY = YES;
				CLANG_WARN_ENUM_CONVERSION = YES;
				CLANG_WARN_INFINITE_RECURSION = YES;
				CLANG_WARN_INT_CONVERSION = YES;
				CLANG_WARN_NON_LITERAL_NULL_CONVERSION = YES;
				CLANG_WARN_OBJC_IMPLICIT_RETAIN_SELF = YES;
				CLANG_WARN_OBJC_LITERAL_CONVERSION = YES;
				CLANG_WARN_OBJC_ROOT_CLASS = YES_ERROR;
				CLANG_WARN_QUOTED_INCLUDE_IN_FRAMEWORK_HEADER = YES;
				CLANG_WARN_RANGE_LOOP_ANALYSIS = YES;
				CLANG_WARN_STRICT_PROTOTYPES = YES;
				CLANG_WARN_SUSPICIOUS_MOVE = YES;
				CLANG_WARN_UNGUARDED_AVAILABILITY = YES_AGGRESSIVE;
				CLANG_WARN_UNREACHABLE_CODE = YES;
				CLANG_WARN__DUPLICATE_METHOD_MATCH = YES;
				COPY_PHASE_STRIP = NO;
				DEBUG_INFORMATION_FORMAT = dwarf;
				ENABLE_STRICT_OBJC_MSGSEND = YES;
				ENABLE_TESTABILITY = YES;
				GCC_C_LANGUAGE_STANDARD = gnu11;
				GCC_DYNAMIC_NO_PIC = NO;
				GCC_NO_COMMON_BLOCKS = YES;
				GCC_OPTIMIZATION_LEVEL = 0;
				GCC_PREPROCESSOR_DEFINITIONS = (
					"DEBUG=1",
					"$(inherited)",
				);
				GCC_WARN_64_TO_32_BIT_CONVERSION = YES;
				GCC_WARN_ABOUT_RETURN_TYPE = YES_ERROR;
				GCC_WARN_UNDECLARED_SELECTOR = YES;
				GCC_WARN_UNINITIALIZED_AUTOS = YES_AGGRESSIVE;
				GCC_WARN_UNUSED_FUNCTION = YES;
				GCC_WARN_UNUSED_VARIABLE = YES;
				IPHONEOS_DEPLOYMENT_TARGET = 16.0;
				MTL_ENABLE_DEBUG_INFO = INCLUDE_SOURCE;
				MTL_FAST_MATH = YES;
				ONLY_ACTIVE_ARCH = YES;
				SDKROOT = iphoneos;
				SWIFT_ACTIVE_COMPILATION_CONDITIONS = DEBUG;
				SWIFT_OPTIMIZATION_LEVEL = "-Onone";
			};
			name = Debug;
		};
		CE8225C728E9ADCB0082D7D8 /* Release */ = {
			isa = XCBuildConfiguration;
			buildSettings = {
				ALWAYS_SEARCH_USER_PATHS = NO;
				CLANG_ANALYZER_NONNULL = YES;
				CLANG_ANALYZER_NUMBER_OBJECT_CONVERSION = YES_AGGRESSIVE;
				CLANG_CXX_LANGUAGE_STANDARD = "gnu++20";
				CLANG_ENABLE_MODULES = YES;
				CLANG_ENABLE_OBJC_ARC = YES;
				CLANG_ENABLE_OBJC_WEAK = YES;
				CLANG_WARN_BLOCK_CAPTURE_AUTORELEASING = YES;
				CLANG_WARN_BOOL_CONVERSION = YES;
				CLANG_WARN_COMMA = YES;
				CLANG_WARN_CONSTANT_CONVERSION = YES;
				CLANG_WARN_DEPRECATED_OBJC_IMPLEMENTATIONS = YES;
				CLANG_WARN_DIRECT_OBJC_ISA_USAGE = YES_ERROR;
				CLANG_WARN_DOCUMENTATION_COMMENTS = YES;
				CLANG_WARN_EMPTY_BODY = YES;
				CLANG_WARN_ENUM_CONVERSION = YES;
				CLANG_WARN_INFINITE_RECURSION = YES;
				CLANG_WARN_INT_CONVERSION = YES;
				CLANG_WARN_NON_LITERAL_NULL_CONVERSION = YES;
				CLANG_WARN_OBJC_IMPLICIT_RETAIN_SELF = YES;
				CLANG_WARN_OBJC_LITERAL_CONVERSION = YES;
				CLANG_WARN_OBJC_ROOT_CLASS = YES_ERROR;
				CLANG_WARN_QUOTED_INCLUDE_IN_FRAMEWORK_HEADER = YES;
				CLANG_WARN_RANGE_LOOP_ANALYSIS = YES;
				CLANG_WARN_STRICT_PROTOTYPES = YES;
				CLANG_WARN_SUSPICIOUS_MOVE = YES;
				CLANG_WARN_UNGUARDED_AVAILABILITY = YES_AGGRESSIVE;
				CLANG_WARN_UNREACHABLE_CODE = YES;
				CLANG_WARN__DUPLICATE_METHOD_MATCH = YES;
				COPY_PHASE_STRIP = NO;
				DEBUG_INFORMATION_FORMAT = "dwarf-with-dsym";
				ENABLE_NS_ASSERTIONS = NO;
				ENABLE_STRICT_OBJC_MSGSEND = YES;
				GCC_C_LANGUAGE_STANDARD = gnu11;
				GCC_NO_COMMON_BLOCKS = YES;
				GCC_WARN_64_TO_32_BIT_CONVERSION = YES;
				GCC_WARN_ABOUT_RETURN_TYPE = YES_ERROR;
				GCC_WARN_UNDECLARED_SELECTOR = YES;
				GCC_WARN_UNINITIALIZED_AUTOS = YES_AGGRESSIVE;
				GCC_WARN_UNUSED_FUNCTION = YES;
				GCC_WARN_UNUSED_VARIABLE = YES;
				IPHONEOS_DEPLOYMENT_TARGET = 16.0;
				MTL_ENABLE_DEBUG_INFO = NO;
				MTL_FAST_MATH = YES;
				SDKROOT = iphoneos;
				SWIFT_COMPILATION_MODE = wholemodule;
				SWIFT_OPTIMIZATION_LEVEL = "-O";
				VALIDATE_PRODUCT = YES;
			};
			name = Release;
		};
		CE8225C928E9ADCB0082D7D8 /* Debug */ = {
			isa = XCBuildConfiguration;
			buildSettings = {
				ASSETCATALOG_COMPILER_APPICON_NAME = AppIcon;
				ASSETCATALOG_COMPILER_GLOBAL_ACCENT_COLOR_NAME = AccentColor;
				CODE_SIGN_STYLE = Automatic;
				CURRENT_PROJECT_VERSION = 1;
				DEVELOPMENT_ASSET_PATHS = "\"HockeyStats2/Preview Content\"";
				DEVELOPMENT_TEAM = SLB347Y94F;
				ENABLE_PREVIEWS = YES;
				GENERATE_INFOPLIST_FILE = YES;
				INFOPLIST_FILE = HockeyStats2/Info.plist;
				INFOPLIST_KEY_UIApplicationSceneManifest_Generation = YES;
				INFOPLIST_KEY_UIApplicationSupportsIndirectInputEvents = YES;
				INFOPLIST_KEY_UILaunchScreen_Generation = YES;
				INFOPLIST_KEY_UIRequiresFullScreen = YES;
				INFOPLIST_KEY_UISupportedInterfaceOrientations = "UIInterfaceOrientationLandscapeLeft UIInterfaceOrientationLandscapeRight UIInterfaceOrientationPortrait";
				INFOPLIST_KEY_UISupportedInterfaceOrientations_iPad = UIInterfaceOrientationPortrait;
				IPHONEOS_DEPLOYMENT_TARGET = 15.6;
				LD_RUNPATH_SEARCH_PATHS = (
					"$(inherited)",
					"@executable_path/Frameworks",
				);
				MARKETING_VERSION = 1.0;
				PRODUCT_BUNDLE_IDENTIFIER = info.arthurford.HockeyStats2;
				PRODUCT_NAME = "$(TARGET_NAME)";
				SUPPORTED_PLATFORMS = "iphoneos iphonesimulator";
				SUPPORTS_MACCATALYST = NO;
				SUPPORTS_MAC_DESIGNED_FOR_IPHONE_IPAD = NO;
				SWIFT_EMIT_LOC_STRINGS = YES;
				SWIFT_VERSION = 5.0;
				TARGETED_DEVICE_FAMILY = 2;
			};
			name = Debug;
		};
		CE8225CA28E9ADCB0082D7D8 /* Release */ = {
			isa = XCBuildConfiguration;
			buildSettings = {
				ASSETCATALOG_COMPILER_APPICON_NAME = AppIcon;
				ASSETCATALOG_COMPILER_GLOBAL_ACCENT_COLOR_NAME = AccentColor;
				CODE_SIGN_STYLE = Automatic;
				CURRENT_PROJECT_VERSION = 1;
				DEVELOPMENT_ASSET_PATHS = "\"HockeyStats2/Preview Content\"";
				DEVELOPMENT_TEAM = SLB347Y94F;
				ENABLE_PREVIEWS = YES;
				GENERATE_INFOPLIST_FILE = YES;
				INFOPLIST_FILE = HockeyStats2/Info.plist;
				INFOPLIST_KEY_UIApplicationSceneManifest_Generation = YES;
				INFOPLIST_KEY_UIApplicationSupportsIndirectInputEvents = YES;
				INFOPLIST_KEY_UILaunchScreen_Generation = YES;
				INFOPLIST_KEY_UIRequiresFullScreen = YES;
				INFOPLIST_KEY_UISupportedInterfaceOrientations = "UIInterfaceOrientationLandscapeLeft UIInterfaceOrientationLandscapeRight UIInterfaceOrientationPortrait";
				INFOPLIST_KEY_UISupportedInterfaceOrientations_iPad = UIInterfaceOrientationPortrait;
				IPHONEOS_DEPLOYMENT_TARGET = 15.6;
				LD_RUNPATH_SEARCH_PATHS = (
					"$(inherited)",
					"@executable_path/Frameworks",
				);
				MARKETING_VERSION = 1.0;
				PRODUCT_BUNDLE_IDENTIFIER = info.arthurford.HockeyStats2;
				PRODUCT_NAME = "$(TARGET_NAME)";
				SUPPORTED_PLATFORMS = "iphoneos iphonesimulator";
				SUPPORTS_MACCATALYST = NO;
				SUPPORTS_MAC_DESIGNED_FOR_IPHONE_IPAD = NO;
				SWIFT_EMIT_LOC_STRINGS = YES;
				SWIFT_VERSION = 5.0;
				TARGETED_DEVICE_FAMILY = 2;
			};
			name = Release;
		};
/* End XCBuildConfiguration section */

/* Begin XCConfigurationList section */
		CE8225B528E9ADC80082D7D8 /* Build configuration list for PBXProject "HockeyStats2" */ = {
			isa = XCConfigurationList;
			buildConfigurations = (
				CE8225C628E9ADCB0082D7D8 /* Debug */,
				CE8225C728E9ADCB0082D7D8 /* Release */,
			);
			defaultConfigurationIsVisible = 0;
			defaultConfigurationName = Release;
		};
		CE8225C828E9ADCB0082D7D8 /* Build configuration list for PBXNativeTarget "HockeyStats2" */ = {
			isa = XCConfigurationList;
			buildConfigurations = (
				CE8225C928E9ADCB0082D7D8 /* Debug */,
				CE8225CA28E9ADCB0082D7D8 /* Release */,
			);
			defaultConfigurationIsVisible = 0;
			defaultConfigurationName = Release;
		};
/* End XCConfigurationList section */
	};
	rootObject = CE8225B228E9ADC80082D7D8 /* Project object */;
}
